
Microsoft Visual Studio Solution File, Format Version 12.00
# Visual Studio 15
VisualStudioVersion = 15.0.26124.0
MinimumVisualStudioVersion = 15.0.26124.0
Project("{FAE04EC0-301F-11D3-BF4B-00C04F79EFBC}") = "ADSKFlexCore", "ADSKFlexCore\ADSKFlexCore.csproj", "{E9A0EE27-284C-4EF4-B24A-C602E22E022F}"
EndProject
Project("{FAE04EC0-301F-11D3-BF4B-00C04F79EFBC}") = "ADSKFlexCoreTests", "ADSKFlexCoreTests\ADSKFlexCoreTests.csproj", "{A8D6174E-2F0F-46BB-AC7B-5E55D4318409}"
EndProject
Global
	GlobalSection(SolutionConfigurationPlatforms) = preSolution
		Debug|Any CPU = Debug|Any CPU
		Debug|x64 = Debug|x64
		Debug|x86 = Debug|x86
		Release|Any CPU = Release|Any CPU
		Release|x64 = Release|x64
		Release|x86 = Release|x86
	EndGlobalSection
	GlobalSection(SolutionProperties) = preSolution
		HideSolutionNode = FALSE
	EndGlobalSection
	GlobalSection(ProjectConfigurationPlatforms) = postSolution
		{E9A0EE27-284C-4EF4-B24A-C602E22E022F}.Debug|Any CPU.ActiveCfg = Debug|Any CPU
		{E9A0EE27-284C-4EF4-B24A-C602E22E022F}.Debug|Any CPU.Build.0 = Debug|Any CPU
		{E9A0EE27-284C-4EF4-B24A-C602E22E022F}.Debug|x64.ActiveCfg = Debug|Any CPU
		{E9A0EE27-284C-4EF4-B24A-C602E22E022F}.Debug|x64.Build.0 = Debug|Any CPU
		{E9A0EE27-284C-4EF4-B24A-C602E22E022F}.Debug|x86.ActiveCfg = Debug|Any CPU
		{E9A0EE27-284C-4EF4-B24A-C602E22E022F}.Debug|x86.Build.0 = Debug|Any CPU
		{E9A0EE27-284C-4EF4-B24A-C602E22E022F}.Release|Any CPU.ActiveCfg = Release|Any CPU
		{E9A0EE27-284C-4EF4-B24A-C602E22E022F}.Release|Any CPU.Build.0 = Release|Any CPU
		{E9A0EE27-284C-4EF4-B24A-C602E22E022F}.Release|x64.ActiveCfg = Release|Any CPU
		{E9A0EE27-284C-4EF4-B24A-C602E22E022F}.Release|x64.Build.0 = Release|Any CPU
		{E9A0EE27-284C-4EF4-B24A-C602E22E022F}.Release|x86.ActiveCfg = Release|Any CPU
		{E9A0EE27-284C-4EF4-B24A-C602E22E022F}.Release|x86.Build.0 = Release|Any CPU
		{A8D6174E-2F0F-46BB-AC7B-5E55D4318409}.Debug|Any CPU.ActiveCfg = Debug|Any CPU
		{A8D6174E-2F0F-46BB-AC7B-5E55D4318409}.Debug|Any CPU.Build.0 = Debug|Any CPU
		{A8D6174E-2F0F-46BB-AC7B-5E55D4318409}.Debug|x64.ActiveCfg = Debug|Any CPU
		{A8D6174E-2F0F-46BB-AC7B-5E55D4318409}.Debug|x64.Build.0 = Debug|Any CPU
		{A8D6174E-2F0F-46BB-AC7B-5E55D4318409}.Debug|x86.ActiveCfg = Debug|Any CPU
		{A8D6174E-2F0F-46BB-AC7B-5E55D4318409}.Debug|x86.Build.0 = Debug|Any CPU
		{A8D6174E-2F0F-46BB-AC7B-5E55D4318409}.Release|Any CPU.ActiveCfg = Release|Any CPU
		{A8D6174E-2F0F-46BB-AC7B-5E55D4318409}.Release|Any CPU.Build.0 = Release|Any CPU
		{A8D6174E-2F0F-46BB-AC7B-5E55D4318409}.Release|x64.ActiveCfg = Release|Any CPU
		{A8D6174E-2F0F-46BB-AC7B-5E55D4318409}.Release|x64.Build.0 = Release|Any CPU
		{A8D6174E-2F0F-46BB-AC7B-5E55D4318409}.Release|x86.ActiveCfg = Release|Any CPU
		{A8D6174E-2F0F-46BB-AC7B-5E55D4318409}.Release|x86.Build.0 = Release|Any CPU
	EndGlobalSection
EndGlobal
